
Microsoft Visual Studio Solution File, Format Version 12.00
# Visual Studio 14
VisualStudioVersion = 14.0.24720.0
MinimumVisualStudioVersion = 10.0.40219.1
Project("{CC5FD16D-436D-48AD-A40C-5A424C6E3E79}") = "JSONCloudBank", "JSONCloudBank\JSONCloudBank.ccproj", "{D9795D9C-0691-4207-990B-FBBFDB4CB247}"
EndProject
Project("{FAE04EC0-301F-11D3-BF4B-00C04F79EFBC}") = "WCFServiceWebRole1", "WCFServiceWebRole1\WCFServiceWebRole1.csproj", "{47C49B15-16A0-4B15-AC04-588AB7894B77}"
EndProject
Global
	GlobalSection(SolutionConfigurationPlatforms) = preSolution
		Debug|Any CPU = Debug|Any CPU
		Release|Any CPU = Release|Any CPU
	EndGlobalSection
	GlobalSection(ProjectConfigurationPlatforms) = postSolution
		{D9795D9C-0691-4207-990B-FBBFDB4CB247}.Debug|Any CPU.ActiveCfg = Debug|Any CPU
		{D9795D9C-0691-4207-990B-FBBFDB4CB247}.Debug|Any CPU.Build.0 = Debug|Any CPU
		{D9795D9C-0691-4207-990B-FBBFDB4CB247}.Release|Any CPU.ActiveCfg = Release|Any CPU
		{D9795D9C-0691-4207-990B-FBBFDB4CB247}.Release|Any CPU.Build.0 = Release|Any CPU
		{47C49B15-16A0-4B15-AC04-588AB7894B77}.Debug|Any CPU.ActiveCfg = Debug|Any CPU
		{47C49B15-16A0-4B15-AC04-588AB7894B77}.Debug|Any CPU.Build.0 = Debug|Any CPU
		{47C49B15-16A0-4B15-AC04-588AB7894B77}.Release|Any CPU.ActiveCfg = Release|Any CPU
		{47C49B15-16A0-4B15-AC04-588AB7894B77}.Release|Any CPU.Build.0 = Release|Any CPU
	EndGlobalSection
	GlobalSection(SolutionProperties) = preSolution
		HideSolutionNode = FALSE
	EndGlobalSection
EndGlobal
